// !$*UTF8*$!
{
	archiveVersion = 1;
	classes = {
	};
	objectVersion = 46;
	objects = {

/* Begin PBXBuildFile section */
		F8D544971A63E0070099E394 /* main.m in Sources */ = {isa = PBXBuildFile; fileRef = F8D544961A63E0070099E394 /* main.m */; };
		F8D5449A1A63E0070099E394 /* AppDelegate.m in Sources */ = {isa = PBXBuildFile; fileRef = F8D544991A63E0070099E394 /* AppDelegate.m */; };
		F8D5449D1A63E0070099E394 /* FundsTransfer_Objective_C.xcdatamodeld in Sources */ = {isa = PBXBuildFile; fileRef = F8D5449B1A63E0070099E394 /* FundsTransfer_Objective_C.xcdatamodeld */; };
		F8D544A01A63E0070099E394 /* ViewController.m in Sources */ = {isa = PBXBuildFile; fileRef = F8D5449F1A63E0070099E394 /* ViewController.m */; };
		F8D544A31A63E0070099E394 /* Main.storyboard in Resources */ = {isa = PBXBuildFile; fileRef = F8D544A11A63E0070099E394 /* Main.storyboard */; };
		F8D544A51A63E0070099E394 /* Images.xcassets in Resources */ = {isa = PBXBuildFile; fileRef = F8D544A41A63E0070099E394 /* Images.xcassets */; };
		F8D544A81A63E0070099E394 /* LaunchScreen.xib in Resources */ = {isa = PBXBuildFile; fileRef = F8D544A61A63E0070099E394 /* LaunchScreen.xib */; };
		F8D544B41A63E0070099E394 /* FundsTransfer_Objective_CTests.m in Sources */ = {isa = PBXBuildFile; fileRef = F8D544B31A63E0070099E394 /* FundsTransfer_Objective_CTests.m */; };
		F8D544C61A6409E30099E394 /* NSDictionary+Extension.m in Sources */ = {isa = PBXBuildFile; fileRef = F8D544C21A6409E30099E394 /* NSDictionary+Extension.m */; };
		F8D544C71A6409E30099E394 /* WebServiceHandler.m in Sources */ = {isa = PBXBuildFile; fileRef = F8D544C41A6409E30099E394 /* WebServiceHandler.m */; };
		F8D544D11A640DF60099E394 /* GetBankListWS.m in Sources */ = {isa = PBXBuildFile; fileRef = F8D544D01A640DF60099E394 /* GetBankListWS.m */; };
		F8D544D61A64201B0099E394 /* Utility.m in Sources */ = {isa = PBXBuildFile; fileRef = F8D544D51A64201B0099E394 /* Utility.m */; };
/* End PBXBuildFile section */

/* Begin PBXContainerItemProxy section */
		F8D544AE1A63E0070099E394 /* PBXContainerItemProxy */ = {
			isa = PBXContainerItemProxy;
			containerPortal = F8D544891A63E0070099E394 /* Project object */;
			proxyType = 1;
			remoteGlobalIDString = F8D544901A63E0070099E394;
			remoteInfo = "FundsTransfer-Objective-C";
		};
/* End PBXContainerItemProxy section */

/* Begin PBXFileReference section */
		F8D544911A63E0070099E394 /* FundsTransfer-Objective-C.app */ = {isa = PBXFileReference; explicitFileType = wrapper.application; includeInIndex = 0; path = "FundsTransfer-Objective-C.app"; sourceTree = BUILT_PRODUCTS_DIR; };
		F8D544951A63E0070099E394 /* Info.plist */ = {isa = PBXFileReference; lastKnownFileType = text.plist.xml; path = Info.plist; sourceTree = "<group>"; };
		F8D544961A63E0070099E394 /* main.m */ = {isa = PBXFileReference; lastKnownFileType = sourcecode.c.objc; path = main.m; sourceTree = "<group>"; };
		F8D544981A63E0070099E394 /* AppDelegate.h */ = {isa = PBXFileReference; lastKnownFileType = sourcecode.c.h; path = AppDelegate.h; sourceTree = "<group>"; };
		F8D544991A63E0070099E394 /* AppDelegate.m */ = {isa = PBXFileReference; lastKnownFileType = sourcecode.c.objc; path = AppDelegate.m; sourceTree = "<group>"; };
		F8D5449C1A63E0070099E394 /* FundsTransfer_Objective_C.xcdatamodel */ = {isa = PBXFileReference; lastKnownFileType = wrapper.xcdatamodel; path = FundsTransfer_Objective_C.xcdatamodel; sourceTree = "<group>"; };
		F8D5449E1A63E0070099E394 /* ViewController.h */ = {isa = PBXFileReference; lastKnownFileType = sourcecode.c.h; path = ViewController.h; sourceTree = "<group>"; };
		F8D5449F1A63E0070099E394 /* ViewController.m */ = {isa = PBXFileReference; lastKnownFileType = sourcecode.c.objc; path = ViewController.m; sourceTree = "<group>"; };
		F8D544A21A63E0070099E394 /* Base */ = {isa = PBXFileReference; lastKnownFileType = file.storyboard; name = Base; path = Base.lproj/Main.storyboard; sourceTree = "<group>"; };
		F8D544A41A63E0070099E394 /* Images.xcassets */ = {isa = PBXFileReference; lastKnownFileType = folder.assetcatalog; path = Images.xcassets; sourceTree = "<group>"; };
		F8D544A71A63E0070099E394 /* Base */ = {isa = PBXFileReference; lastKnownFileType = file.xib; name = Base; path = Base.lproj/LaunchScreen.xib; sourceTree = "<group>"; };
		F8D544AD1A63E0070099E394 /* FundsTransfer-Objective-CTests.xctest */ = {isa = PBXFileReference; explicitFileType = wrapper.cfbundle; includeInIndex = 0; path = "FundsTransfer-Objective-CTests.xctest"; sourceTree = BUILT_PRODUCTS_DIR; };
		F8D544B21A63E0070099E394 /* Info.plist */ = {isa = PBXFileReference; lastKnownFileType = text.plist.xml; path = Info.plist; sourceTree = "<group>"; };
		F8D544B31A63E0070099E394 /* FundsTransfer_Objective_CTests.m */ = {isa = PBXFileReference; lastKnownFileType = sourcecode.c.objc; path = FundsTransfer_Objective_CTests.m; sourceTree = "<group>"; };
		F8D544C11A6409E30099E394 /* NSDictionary+Extension.h */ = {isa = PBXFileReference; fileEncoding = 4; lastKnownFileType = sourcecode.c.h; path = "NSDictionary+Extension.h"; sourceTree = "<group>"; };
		F8D544C21A6409E30099E394 /* NSDictionary+Extension.m */ = {isa = PBXFileReference; fileEncoding = 4; lastKnownFileType = sourcecode.c.objc; path = "NSDictionary+Extension.m"; sourceTree = "<group>"; };
		F8D544C31A6409E30099E394 /* WebServiceHandler.h */ = {isa = PBXFileReference; fileEncoding = 4; lastKnownFileType = sourcecode.c.h; path = WebServiceHandler.h; sourceTree = "<group>"; };
		F8D544C41A6409E30099E394 /* WebServiceHandler.m */ = {isa = PBXFileReference; fileEncoding = 4; lastKnownFileType = sourcecode.c.objc; path = WebServiceHandler.m; sourceTree = "<group>"; };
		F8D544CD1A640BF00099E394 /* Config.h */ = {isa = PBXFileReference; lastKnownFileType = sourcecode.c.h; path = Config.h; sourceTree = "<group>"; };
		F8D544CE1A640D320099E394 /* prefix.h */ = {isa = PBXFileReference; lastKnownFileType = sourcecode.c.h; path = prefix.h; sourceTree = "<group>"; };
		F8D544CF1A640DF60099E394 /* GetBankListWS.h */ = {isa = PBXFileReference; fileEncoding = 4; lastKnownFileType = sourcecode.c.h; path = GetBankListWS.h; sourceTree = "<group>"; };
		F8D544D01A640DF60099E394 /* GetBankListWS.m */ = {isa = PBXFileReference; fileEncoding = 4; lastKnownFileType = sourcecode.c.objc; path = GetBankListWS.m; sourceTree = "<group>"; };
		F8D544D21A64134E0099E394 /* Resource.h */ = {isa = PBXFileReference; lastKnownFileType = sourcecode.c.h; path = Resource.h; sourceTree = "<group>"; };
		F8D544D41A64201B0099E394 /* Utility.h */ = {isa = PBXFileReference; fileEncoding = 4; lastKnownFileType = sourcecode.c.h; path = Utility.h; sourceTree = "<group>"; };
		F8D544D51A64201B0099E394 /* Utility.m */ = {isa = PBXFileReference; fileEncoding = 4; lastKnownFileType = sourcecode.c.objc; path = Utility.m; sourceTree = "<group>"; };
/* End PBXFileReference section */

/* Begin PBXFrameworksBuildPhase section */
		F8D5448E1A63E0070099E394 /* Frameworks */ = {
			isa = PBXFrameworksBuildPhase;
			buildActionMask = 2147483647;
			files = (
			);
			runOnlyForDeploymentPostprocessing = 0;
		};
		F8D544AA1A63E0070099E394 /* Frameworks */ = {
			isa = PBXFrameworksBuildPhase;
			buildActionMask = 2147483647;
			files = (
			);
			runOnlyForDeploymentPostprocessing = 0;
		};
/* End PBXFrameworksBuildPhase section */

/* Begin PBXGroup section */
		F8D544881A63E0070099E394 = {
			isa = PBXGroup;
			children = (
				F8D544931A63E0070099E394 /* FundsTransfer-Objective-C */,
				F8D544B01A63E0070099E394 /* FundsTransfer-Objective-CTests */,
				F8D544921A63E0070099E394 /* Products */,
			);
			sourceTree = "<group>";
		};
		F8D544921A63E0070099E394 /* Products */ = {
			isa = PBXGroup;
			children = (
				F8D544911A63E0070099E394 /* FundsTransfer-Objective-C.app */,
				F8D544AD1A63E0070099E394 /* FundsTransfer-Objective-CTests.xctest */,
			);
			name = Products;
			sourceTree = "<group>";
		};
		F8D544931A63E0070099E394 /* FundsTransfer-Objective-C */ = {
			isa = PBXGroup;
			children = (
				F8D544CC1A640BA80099E394 /* Others */,
				F8D544CB1A640A100099E394 /* View */,
				F8D544CA1A640A090099E394 /* Model */,
				F8D544C91A640A000099E394 /* Controller */,
				F8D544C81A6409F20099E394 /* API */,
				F8D544981A63E0070099E394 /* AppDelegate.h */,
				F8D544991A63E0070099E394 /* AppDelegate.m */,
				F8D544A11A63E0070099E394 /* Main.storyboard */,
				F8D544A41A63E0070099E394 /* Images.xcassets */,
				F8D544A61A63E0070099E394 /* LaunchScreen.xib */,
				F8D5449B1A63E0070099E394 /* FundsTransfer_Objective_C.xcdatamodeld */,
				F8D544941A63E0070099E394 /* Supporting Files */,
			);
			path = "FundsTransfer-Objective-C";
			sourceTree = "<group>";
		};
		F8D544941A63E0070099E394 /* Supporting Files */ = {
			isa = PBXGroup;
			children = (
				F8D544951A63E0070099E394 /* Info.plist */,
				F8D544961A63E0070099E394 /* main.m */,
			);
			name = "Supporting Files";
			sourceTree = "<group>";
		};
		F8D544B01A63E0070099E394 /* FundsTransfer-Objective-CTests */ = {
			isa = PBXGroup;
			children = (
				F8D544B31A63E0070099E394 /* FundsTransfer_Objective_CTests.m */,
				F8D544B11A63E0070099E394 /* Supporting Files */,
			);
			path = "FundsTransfer-Objective-CTests";
			sourceTree = "<group>";
		};
		F8D544B11A63E0070099E394 /* Supporting Files */ = {
			isa = PBXGroup;
			children = (
				F8D544B21A63E0070099E394 /* Info.plist */,
			);
			name = "Supporting Files";
			sourceTree = "<group>";
		};
		F8D544C81A6409F20099E394 /* API */ = {
			isa = PBXGroup;
			children = (
				F8D544C11A6409E30099E394 /* NSDictionary+Extension.h */,
				F8D544C21A6409E30099E394 /* NSDictionary+Extension.m */,
				F8D544C31A6409E30099E394 /* WebServiceHandler.h */,
				F8D544C41A6409E30099E394 /* WebServiceHandler.m */,
				F8D544CF1A640DF60099E394 /* GetBankListWS.h */,
				F8D544D01A640DF60099E394 /* GetBankListWS.m */,
			);
			name = API;
			sourceTree = "<group>";
		};
		F8D544C91A640A000099E394 /* Controller */ = {
			isa = PBXGroup;
			children = (
				F8D5449E1A63E0070099E394 /* ViewController.h */,
				F8D5449F1A63E0070099E394 /* ViewController.m */,
			);
			name = Controller;
			sourceTree = "<group>";
		};
		F8D544CA1A640A090099E394 /* Model */ = {
			isa = PBXGroup;
			children = (
			);
			name = Model;
			sourceTree = "<group>";
		};
		F8D544CB1A640A100099E394 /* View */ = {
			isa = PBXGroup;
			children = (
			);
			name = View;
			sourceTree = "<group>";
		};
		F8D544CC1A640BA80099E394 /* Others */ = {
			isa = PBXGroup;
			children = (
				F8D544CD1A640BF00099E394 /* Config.h */,
				F8D544CE1A640D320099E394 /* prefix.h */,
				F8D544D21A64134E0099E394 /* Resource.h */,
				F8D544D41A64201B0099E394 /* Utility.h */,
				F8D544D51A64201B0099E394 /* Utility.m */,
			);
			name = Others;
			sourceTree = "<group>";
		};
/* End PBXGroup section */

/* Begin PBXNativeTarget section */
		F8D544901A63E0070099E394 /* FundsTransfer-Objective-C */ = {
			isa = PBXNativeTarget;
			buildConfigurationList = F8D544B71A63E0070099E394 /* Build configuration list for PBXNativeTarget "FundsTransfer-Objective-C" */;
			buildPhases = (
				F8D5448D1A63E0070099E394 /* Sources */,
				F8D5448E1A63E0070099E394 /* Frameworks */,
				F8D5448F1A63E0070099E394 /* Resources */,
			);
			buildRules = (
			);
			dependencies = (
			);
			name = "FundsTransfer-Objective-C";
			productName = "FundsTransfer-Objective-C";
			productReference = F8D544911A63E0070099E394 /* FundsTransfer-Objective-C.app */;
			productType = "com.apple.product-type.application";
		};
		F8D544AC1A63E0070099E394 /* FundsTransfer-Objective-CTests */ = {
			isa = PBXNativeTarget;
			buildConfigurationList = F8D544BA1A63E0070099E394 /* Build configuration list for PBXNativeTarget "FundsTransfer-Objective-CTests" */;
			buildPhases = (
				F8D544A91A63E0070099E394 /* Sources */,
				F8D544AA1A63E0070099E394 /* Frameworks */,
				F8D544AB1A63E0070099E394 /* Resources */,
			);
			buildRules = (
			);
			dependencies = (
				F8D544AF1A63E0070099E394 /* PBXTargetDependency */,
			);
			name = "FundsTransfer-Objective-CTests";
			productName = "FundsTransfer-Objective-CTests";
			productReference = F8D544AD1A63E0070099E394 /* FundsTransfer-Objective-CTests.xctest */;
			productType = "com.apple.product-type.bundle.unit-test";
		};
/* End PBXNativeTarget section */

/* Begin PBXProject section */
		F8D544891A63E0070099E394 /* Project object */ = {
			isa = PBXProject;
			attributes = {
				LastUpgradeCheck = 0610;
				ORGANIZATIONNAME = BenjaminSoft;
				TargetAttributes = {
					F8D544901A63E0070099E394 = {
						CreatedOnToolsVersion = 6.1.1;
					};
					F8D544AC1A63E0070099E394 = {
						CreatedOnToolsVersion = 6.1.1;
						TestTargetID = F8D544901A63E0070099E394;
					};
				};
			};
			buildConfigurationList = F8D5448C1A63E0070099E394 /* Build configuration list for PBXProject "FundsTransfer-Objective-C" */;
			compatibilityVersion = "Xcode 3.2";
			developmentRegion = English;
			hasScannedForEncodings = 0;
			knownRegions = (
				en,
				Base,
			);
			mainGroup = F8D544881A63E0070099E394;
			productRefGroup = F8D544921A63E0070099E394 /* Products */;
			projectDirPath = "";
			projectRoot = "";
			targets = (
				F8D544901A63E0070099E394 /* FundsTransfer-Objective-C */,
				F8D544AC1A63E0070099E394 /* FundsTransfer-Objective-CTests */,
			);
		};
/* End PBXProject section */

/* Begin PBXResourcesBuildPhase section */
		F8D5448F1A63E0070099E394 /* Resources */ = {
			isa = PBXResourcesBuildPhase;
			buildActionMask = 2147483647;
			files = (
				F8D544A31A63E0070099E394 /* Main.storyboard in Resources */,
				F8D544A81A63E0070099E394 /* LaunchScreen.xib in Resources */,
				F8D544A51A63E0070099E394 /* Images.xcassets in Resources */,
			);
			runOnlyForDeploymentPostprocessing = 0;
		};
		F8D544AB1A63E0070099E394 /* Resources */ = {
			isa = PBXResourcesBuildPhase;
			buildActionMask = 2147483647;
			files = (
			);
			runOnlyForDeploymentPostprocessing = 0;
		};
/* End PBXResourcesBuildPhase section */

/* Begin PBXSourcesBuildPhase section */
		F8D5448D1A63E0070099E394 /* Sources */ = {
			isa = PBXSourcesBuildPhase;
			buildActionMask = 2147483647;
			files = (
				F8D544D61A64201B0099E394 /* Utility.m in Sources */,
				F8D5449D1A63E0070099E394 /* FundsTransfer_Objective_C.xcdatamodeld in Sources */,
				F8D544C61A6409E30099E394 /* NSDictionary+Extension.m in Sources */,
				F8D5449A1A63E0070099E394 /* AppDelegate.m in Sources */,
				F8D544D11A640DF60099E394 /* GetBankListWS.m in Sources */,
				F8D544C71A6409E30099E394 /* WebServiceHandler.m in Sources */,
				F8D544A01A63E0070099E394 /* ViewController.m in Sources */,
				F8D544971A63E0070099E394 /* main.m in Sources */,
			);
			runOnlyForDeploymentPostprocessing = 0;
		};
		F8D544A91A63E0070099E394 /* Sources */ = {
			isa = PBXSourcesBuildPhase;
			buildActionMask = 2147483647;
			files = (
				F8D544B41A63E0070099E394 /* FundsTransfer_Objective_CTests.m in Sources */,
			);
			runOnlyForDeploymentPostprocessing = 0;
		};
/* End PBXSourcesBuildPhase section */

/* Begin PBXTargetDependency section */
		F8D544AF1A63E0070099E394 /* PBXTargetDependency */ = {
			isa = PBXTargetDependency;
			target = F8D544901A63E0070099E394 /* FundsTransfer-Objective-C */;
			targetProxy = F8D544AE1A63E0070099E394 /* PBXContainerItemProxy */;
		};
/* End PBXTargetDependency section */

/* Begin PBXVariantGroup section */
		F8D544A11A63E0070099E394 /* Main.storyboard */ = {
			isa = PBXVariantGroup;
			children = (
				F8D544A21A63E0070099E394 /* Base */,
			);
			name = Main.storyboard;
			sourceTree = "<group>";
		};
		F8D544A61A63E0070099E394 /* LaunchScreen.xib */ = {
			isa = PBXVariantGroup;
			children = (
				F8D544A71A63E0070099E394 /* Base */,
			);
			name = LaunchScreen.xib;
			sourceTree = "<group>";
		};
/* End PBXVariantGroup section */

/* Begin XCBuildConfiguration section */
		F8D544B51A63E0070099E394 /* Debug */ = {
			isa = XCBuildConfiguration;
			buildSettings = {
				ALWAYS_SEARCH_USER_PATHS = NO;
				CLANG_CXX_LANGUAGE_STANDARD = "gnu++0x";
				CLANG_CXX_LIBRARY = "libc++";
				CLANG_ENABLE_MODULES = YES;
				CLANG_ENABLE_OBJC_ARC = YES;
				CLANG_WARN_BOOL_CONVERSION = YES;
				CLANG_WARN_CONSTANT_CONVERSION = YES;
				CLANG_WARN_DIRECT_OBJC_ISA_USAGE = YES_ERROR;
				CLANG_WARN_EMPTY_BODY = YES;
				CLANG_WARN_ENUM_CONVERSION = YES;
				CLANG_WARN_INT_CONVERSION = YES;
				CLANG_WARN_OBJC_ROOT_CLASS = YES_ERROR;
				CLANG_WARN_UNREACHABLE_CODE = YES;
				CLANG_WARN__DUPLICATE_METHOD_MATCH = YES;
				"CODE_SIGN_IDENTITY[sdk=iphoneos*]" = "iPhone Developer";
				COPY_PHASE_STRIP = NO;
				ENABLE_STRICT_OBJC_MSGSEND = YES;
				GCC_C_LANGUAGE_STANDARD = gnu99;
				GCC_DYNAMIC_NO_PIC = NO;
				GCC_OPTIMIZATION_LEVEL = 0;
				GCC_PREPROCESSOR_DEFINITIONS = (
					"DEBUG=1",
					"$(inherited)",
				);
				GCC_SYMBOLS_PRIVATE_EXTERN = NO;
				GCC_WARN_64_TO_32_BIT_CONVERSION = YES;
				GCC_WARN_ABOUT_RETURN_TYPE = YES_ERROR;
				GCC_WARN_UNDECLARED_SELECTOR = YES;
				GCC_WARN_UNINITIALIZED_AUTOS = YES_AGGRESSIVE;
				GCC_WARN_UNUSED_FUNCTION = YES;
				GCC_WARN_UNUSED_VARIABLE = YES;
				IPHONEOS_DEPLOYMENT_TARGET = 8.1;
				MTL_ENABLE_DEBUG_INFO = YES;
				ONLY_ACTIVE_ARCH = YES;
				SDKROOT = iphoneos;
			};
			name = Debug;
		};
		F8D544B61A63E0070099E394 /* Release */ = {
			isa = XCBuildConfiguration;
			buildSettings = {
				ALWAYS_SEARCH_USER_PATHS = NO;
				CLANG_CXX_LANGUAGE_STANDARD = "gnu++0x";
				CLANG_CXX_LIBRARY = "libc++";
				CLANG_ENABLE_MODULES = YES;
				CLANG_ENABLE_OBJC_ARC = YES;
				CLANG_WARN_BOOL_CONVERSION = YES;
				CLANG_WARN_CONSTANT_CONVERSION = YES;
				CLANG_WARN_DIRECT_OBJC_ISA_USAGE = YES_ERROR;
				CLANG_WARN_EMPTY_BODY = YES;
				CLANG_WARN_ENUM_CONVERSION = YES;
				CLANG_WARN_INT_CONVERSION = YES;
				CLANG_WARN_OBJC_ROOT_CLASS = YES_ERROR;
				CLANG_WARN_UNREACHABLE_CODE = YES;
				CLANG_WARN__DUPLICATE_METHOD_MATCH = YES;
				"CODE_SIGN_IDENTITY[sdk=iphoneos*]" = "iPhone Developer";
				COPY_PHASE_STRIP = YES;
				ENABLE_NS_ASSERTIONS = NO;
				ENABLE_STRICT_OBJC_MSGSEND = YES;
				GCC_C_LANGUAGE_STANDARD = gnu99;
				GCC_WARN_64_TO_32_BIT_CONVERSION = YES;
				GCC_WARN_ABOUT_RETURN_TYPE = YES_ERROR;
				GCC_WARN_UNDECLARED_SELECTOR = YES;
				GCC_WARN_UNINITIALIZED_AUTOS = YES_AGGRESSIVE;
				GCC_WARN_UNUSED_FUNCTION = YES;
				GCC_WARN_UNUSED_VARIABLE = YES;
				IPHONEOS_DEPLOYMENT_TARGET = 8.1;
				MTL_ENABLE_DEBUG_INFO = NO;
				SDKROOT = iphoneos;
				VALIDATE_PRODUCT = YES;
			};
			name = Release;
		};
		F8D544B81A63E0070099E394 /* Debug */ = {
			isa = XCBuildConfiguration;
			buildSettings = {
				ASSETCATALOG_COMPILER_APPICON_NAME = AppIcon;
				GCC_PREFIX_HEADER = "FundsTransfer-Objective-C/prefix.h";
				INFOPLIST_FILE = "FundsTransfer-Objective-C/Info.plist";
				IPHONEOS_DEPLOYMENT_TARGET = 8.1;
				LD_RUNPATH_SEARCH_PATHS = "$(inherited) @executable_path/Frameworks";
				PRODUCT_NAME = "$(TARGET_NAME)";
			};
			name = Debug;
		};
		F8D544B91A63E0070099E394 /* Release */ = {
			isa = XCBuildConfiguration;
			buildSettings = {
				ASSETCATALOG_COMPILER_APPICON_NAME = AppIcon;
				GCC_PREFIX_HEADER = "FundsTransfer-Objective-C/prefix.h";
				INFOPLIST_FILE = "FundsTransfer-Objective-C/Info.plist";
				IPHONEOS_DEPLOYMENT_TARGET = 8.1;
				LD_RUNPATH_SEARCH_PATHS = "$(inherited) @executable_path/Frameworks";
				PRODUCT_NAME = "$(TARGET_NAME)";
			};
			name = Release;
		};
		F8D544BB1A63E0070099E394 /* Debug */ = {
			isa = XCBuildConfiguration;
			buildSettings = {
				BUNDLE_LOADER = "$(TEST_HOST)";
				FRAMEWORK_SEARCH_PATHS = (
					"$(SDKROOT)/Developer/Library/Frameworks",
					"$(inherited)",
				);
				GCC_PREPROCESSOR_DEFINITIONS = (
					"DEBUG=1",
					"$(inherited)",
				);
				INFOPLIST_FILE = "FundsTransfer-Objective-CTests/Info.plist";
				LD_RUNPATH_SEARCH_PATHS = "$(inherited) @executable_path/Frameworks @loader_path/Frameworks";
				PRODUCT_NAME = "$(TARGET_NAME)";
				TEST_HOST = "$(BUILT_PRODUCTS_DIR)/FundsTransfer-Objective-C.app/FundsTransfer-Objective-C";
			};
			name = Debug;
		};
		F8D544BC1A63E0070099E394 /* Release */ = {
			isa = XCBuildConfiguration;
			buildSettings = {
				BUNDLE_LOADER = "$(TEST_HOST)";
				FRAMEWORK_SEARCH_PATHS = (
					"$(SDKROOT)/Developer/Library/Frameworks",
					"$(inherited)",
				);
				INFOPLIST_FILE = "FundsTransfer-Objective-CTests/Info.plist";
				LD_RUNPATH_SEARCH_PATHS = "$(inherited) @executable_path/Frameworks @loader_path/Frameworks";
				PRODUCT_NAME = "$(TARGET_NAME)";
				TEST_HOST = "$(BUILT_PRODUCTS_DIR)/FundsTransfer-Objective-C.app/FundsTransfer-Objective-C";
			};
			name = Release;
		};
/* End XCBuildConfiguration section */

/* Begin XCConfigurationList section */
		F8D5448C1A63E0070099E394 /* Build configuration list for PBXProject "FundsTransfer-Objective-C" */ = {
			isa = XCConfigurationList;
			buildConfigurations = (
				F8D544B51A63E0070099E394 /* Debug */,
				F8D544B61A63E0070099E394 /* Release */,
			);
			defaultConfigurationIsVisible = 0;
			defaultConfigurationName = Release;
		};
		F8D544B71A63E0070099E394 /* Build configuration list for PBXNativeTarget "FundsTransfer-Objective-C" */ = {
			isa = XCConfigurationList;
			buildConfigurations = (
				F8D544B81A63E0070099E394 /* Debug */,
				F8D544B91A63E0070099E394 /* Release */,
			);
			defaultConfigurationIsVisible = 0;
		};
		F8D544BA1A63E0070099E394 /* Build configuration list for PBXNativeTarget "FundsTransfer-Objective-CTests" */ = {
			isa = XCConfigurationList;
			buildConfigurations = (
				F8D544BB1A63E0070099E394 /* Debug */,
				F8D544BC1A63E0070099E394 /* Release */,
			);
			defaultConfigurationIsVisible = 0;
		};
/* End XCConfigurationList section */

/* Begin XCVersionGroup section */
		F8D5449B1A63E0070099E394 /* FundsTransfer_Objective_C.xcdatamodeld */ = {
			isa = XCVersionGroup;
			children = (
				F8D5449C1A63E0070099E394 /* FundsTransfer_Objective_C.xcdatamodel */,
			);
			currentVersion = F8D5449C1A63E0070099E394 /* FundsTransfer_Objective_C.xcdatamodel */;
			path = FundsTransfer_Objective_C.xcdatamodeld;
			sourceTree = "<group>";
			versionGroupType = wrapper.xcdatamodel;
		};
/* End XCVersionGroup section */
	};
	rootObject = F8D544891A63E0070099E394 /* Project object */;
}
